{
  "name": "cc-loadout-site-tooling",
  "lockfileVersion": 3,
  "requires": true,
  "packages": {
    "": {
      "name": "cc-loadout-site-tooling",
      "devDependencies": {
        "@xbluesky/cc-marketspec": "1.0.0"
      },
      "engines": {
        "node": ">=22"
      }
    },
    "node_modules/@xbluesky/cc-marketspec": {
      "version": "1.0.0",
      "resolved": "https://npm.synology.inc/@xbluesky/cc-marketspec/-/cc-marketspec-1.0.0.tgz",
      "integrity": "sha512-83OSzeUsyIm/YTe1h68zgVQjr4UBDo6nt73PALvvjsfwC5PFejwaHjePYT8NtHOo1F8Ciopv5peVXlt6x+ufUw==",
      "dev": true,
      "license": "MIT",
      "workspaces": [
        "packages/mcp"
      ],
      "dependencies": {
        "js-yaml": "^4.1.0",
        "yaml": "^2.9.0",
        "zod": "^4.4.3"
      },
      "bin": {
        "cc-marketspec": "dist/cli.js"
      },
      "engines": {
        "node": ">=20"
      }
    },
    "node_modules/argparse": {
      "version": "2.0.1",
      "resolved": "https://npm.synology.inc/argparse/-/argparse-2.0.1.tgz",
      "integrity": "sha512-8+9WqebbFzpX9OR+Wa6O29asIogeRMzcGtAINdpMHHyAg10f05aSFVBbcEqGf/PXw1EjAZ+q2/bEBg3DvurK3Q==",
      "dev": true,
      "license": "Python-2.0"
    },
    "node_modules/js-yaml": {
      "version": "4.3.1",
      "resolved": "https://npm.synology.inc/js-yaml/-/js-yaml-4.3.1.tgz",
      "integrity": "sha512-CY6crGq313MX8GkwvB7tzgp99vjQxY1++5y10/BKN/GUfHqWaOGQMNZkBvqSzsZKWk/ijwHlWzzkLulsGHhjWQ==",
      "dev": true,
      "funding": [
        {
          "type": "github",
          "url": "https://github.com/sponsors/puzrin"
        },
        {
          "type": "github",
          "url": "https://github.com/sponsors/nodeca"
        }
      ],
      "license": "MIT",
      "dependencies": {
        "argparse": "^2.0.1"
      },
      "bin": {
        "js-yaml": "bin/js-yaml.js"
      }
    },
    "node_modules/yaml": {
      "version": "2.9.0",
      "resolved": "https://npm.synology.inc/yaml/-/yaml-2.9.0.tgz",
      "integrity": "sha512-2AvhNX3mb8zd6Zy7INTtSpl1F15HW6Wnqj0srWlkKLcpYl/gMIMJiyuGq2KeI2YFxUPjdlB+3Lc10seMLtL4cA==",
      "dev": true,
      "license": "ISC",
      "bin": {
        "yaml": "bin.mjs"
      },
      "engines": {
        "node": ">= 14.6"
      },
      "funding": {
        "url": "https://github.com/sponsors/eemeli"
      }
    },
    "node_modules/zod": {
      "version": "4.4.3",
      "resolved": "https://npm.synology.inc/zod/-/zod-4.4.3.tgz",
      "integrity": "sha512-ytENFjIJFl2UwYglde2jchW2Hwm4GJFLDiSXWdTrJQBIN9Fcyp7n4DhxJEiWNAJMV1/BqWfW/kkg71UDcHJyTQ==",
      "dev": true,
      "license": "MIT",
      "funding": {
        "url": "https://github.com/sponsors/colinhacks"
      }
    }
  }
}
